
Microsoft Visual Studio Solution File, Format Version 12.00
# Visual Studio Version 17
VisualStudioVersion = 17.12.35728.132
MinimumVisualStudioVersion = 10.0.40219.1
Project("{FAE04EC0-301F-11D3-BF4B-00C04F79EFBC}") = "NokhardiaAPI", "NokhardiaAPI\NokhardiaAPI.csproj", "{B3AC7F24-63A5-4E90-BDF3-5789AF0B5D11}"
EndProject
Project("{2150E333-8FDC-42A3-9474-1A3956D46DE8}") = "Credentials", "Credentials", "{CCAE3344-DB6C-4DAE-8BA0-8969AB0F95CB}"
	ProjectSection(SolutionItems) = preProject
		nokhardiaKey.json = nokhardiaKey.json
	EndProjectSection
EndProject
Project("{2150E333-8FDC-42A3-9474-1A3956D46DE8}") = "Solution Items", "Solution Items", "{16D43689-FE35-49A3-BA10-9F88A802D195}"
	ProjectSection(SolutionItems) = preProject
		.gitignore = .gitignore
	EndProjectSection
EndProject
Global
	GlobalSection(SolutionConfigurationPlatforms) = preSolution
		Debug|Any CPU = Debug|Any CPU
		Release|Any CPU = Release|Any CPU
	EndGlobalSection
	GlobalSection(ProjectConfigurationPlatforms) = postSolution
		{B3AC7F24-63A5-4E90-BDF3-5789AF0B5D11}.Debug|Any CPU.ActiveCfg = Debug|Any CPU
		{B3AC7F24-63A5-4E90-BDF3-5789AF0B5D11}.Debug|Any CPU.Build.0 = Debug|Any CPU
		{B3AC7F24-63A5-4E90-BDF3-5789AF0B5D11}.Release|Any CPU.ActiveCfg = Release|Any CPU
		{B3AC7F24-63A5-4E90-BDF3-5789AF0B5D11}.Release|Any CPU.Build.0 = Release|Any CPU
	EndGlobalSection
	GlobalSection(SolutionProperties) = preSolution
		HideSolutionNode = FALSE
	EndGlobalSection
EndGlobal
